
Microsoft Visual Studio Solution File, Format Version 12.00
Project("{FAE04EC0-301F-11D3-BF4B-00C04F79EFBC}") = "DES", "DES\DES.csproj", "{F5F11D11-B644-4DF3-A7E5-407BAEB98EE8}"
EndProject
Project("{FAE04EC0-301F-11D3-BF4B-00C04F79EFBC}") = "DES.Test", "DES.Test\DES.Test.csproj", "{0E6F4E42-CE23-484F-860C-10F1ED8E30AB}"
EndProject
Global
	GlobalSection(SolutionConfigurationPlatforms) = preSolution
		Debug|Any CPU = Debug|Any CPU
		Release|Any CPU = Release|Any CPU
	EndGlobalSection
	GlobalSection(ProjectConfigurationPlatforms) = postSolution
		{F5F11D11-B644-4DF3-A7E5-407BAEB98EE8}.Debug|Any CPU.ActiveCfg = Debug|Any CPU
		{F5F11D11-B644-4DF3-A7E5-407BAEB98EE8}.Debug|Any CPU.Build.0 = Debug|Any CPU
		{F5F11D11-B644-4DF3-A7E5-407BAEB98EE8}.Release|Any CPU.ActiveCfg = Release|Any CPU
		{F5F11D11-B644-4DF3-A7E5-407BAEB98EE8}.Release|Any CPU.Build.0 = Release|Any CPU
		{0E6F4E42-CE23-484F-860C-10F1ED8E30AB}.Debug|Any CPU.ActiveCfg = Debug|Any CPU
		{0E6F4E42-CE23-484F-860C-10F1ED8E30AB}.Debug|Any CPU.Build.0 = Debug|Any CPU
		{0E6F4E42-CE23-484F-860C-10F1ED8E30AB}.Release|Any CPU.ActiveCfg = Release|Any CPU
		{0E6F4E42-CE23-484F-860C-10F1ED8E30AB}.Release|Any CPU.Build.0 = Release|Any CPU
	EndGlobalSection
EndGlobal
